
Microsoft Visual Studio Solution File, Format Version 12.00
# Visual Studio Version 16
VisualStudioVersion = 16.0.29503.13
MinimumVisualStudioVersion = 10.0.40219.1
Project("{FAE04EC0-301F-11D3-BF4B-00C04F79EFBC}") = "FlipClock.Android", "FlipClock\FlipClock.Android\FlipClock.Android.csproj", "{29AC06AD-6D04-42E8-B8B6-629EF4730E1A}"
EndProject
Project("{FAE04EC0-301F-11D3-BF4B-00C04F79EFBC}") = "FlipClock", "FlipClock\FlipClock\FlipClock.csproj", "{5024159D-4914-4738-B60D-D651A720EAE8}"
EndProject
Global
	GlobalSection(SolutionConfigurationPlatforms) = preSolution
		Debug|Any CPU = Debug|Any CPU
		Release|Any CPU = Release|Any CPU
	EndGlobalSection
	GlobalSection(ProjectConfigurationPlatforms) = postSolution
		{29AC06AD-6D04-42E8-B8B6-629EF4730E1A}.Debug|Any CPU.ActiveCfg = Debug|Any CPU
		{29AC06AD-6D04-42E8-B8B6-629EF4730E1A}.Debug|Any CPU.Build.0 = Debug|Any CPU
		{29AC06AD-6D04-42E8-B8B6-629EF4730E1A}.Debug|Any CPU.Deploy.0 = Debug|Any CPU
		{29AC06AD-6D04-42E8-B8B6-629EF4730E1A}.Release|Any CPU.ActiveCfg = Release|Any CPU
		{29AC06AD-6D04-42E8-B8B6-629EF4730E1A}.Release|Any CPU.Build.0 = Release|Any CPU
		{29AC06AD-6D04-42E8-B8B6-629EF4730E1A}.Release|Any CPU.Deploy.0 = Release|Any CPU
		{5024159D-4914-4738-B60D-D651A720EAE8}.Debug|Any CPU.ActiveCfg = Debug|Any CPU
		{5024159D-4914-4738-B60D-D651A720EAE8}.Debug|Any CPU.Build.0 = Debug|Any CPU
		{5024159D-4914-4738-B60D-D651A720EAE8}.Debug|Any CPU.Deploy.0 = Debug|Any CPU
		{5024159D-4914-4738-B60D-D651A720EAE8}.Release|Any CPU.ActiveCfg = Release|Any CPU
		{5024159D-4914-4738-B60D-D651A720EAE8}.Release|Any CPU.Build.0 = Release|Any CPU
		{5024159D-4914-4738-B60D-D651A720EAE8}.Release|Any CPU.Deploy.0 = Release|Any CPU
	EndGlobalSection
	GlobalSection(SolutionProperties) = preSolution
		HideSolutionNode = FALSE
	EndGlobalSection
	GlobalSection(ExtensibilityGlobals) = postSolution
		SolutionGuid = {813D589F-25AE-490F-BF8B-D390071703D4}
	EndGlobalSection
EndGlobal
